{
  "name": "hotel",
  "lockfileVersion": 2,
  "requires": true,
  "packages": {
    "": {
      "dependencies": {
        "fullcalendar-scheduler": "^5.11.0"
      },
      "devDependencies": {
        "@hotwired/stimulus": "^3.0.0",
        "@symfony/ux-chartjs": "file:vendor/symfony/ux-chartjs/Resources/assets",
        "chart.js": "^3.4.1"
      }
    },
    "node_modules/@hotwired/stimulus": {
      "version": "3.0.1",
      "resolved": "https://registry.npmjs.org/@hotwired/stimulus/-/stimulus-3.0.1.tgz",
      "integrity": "sha512-oHsJhgY2cip+K2ED7vKUNd2P+BEswVhrCYcJ802DSsblJFv7mPFVk3cQKvm2vHgHeDVdnj7oOKrBbzp1u8D+KA==",
      "dev": true
    },
    "node_modules/@symfony/ux-chartjs": {
      "resolved": "vendor/symfony/ux-chartjs/Resources/assets",
      "link": true
    },
    "node_modules/@types/chart.js": {
      "version": "2.9.37",
      "resolved": "https://registry.npmjs.org/@types/chart.js/-/chart.js-2.9.37.tgz",
      "integrity": "sha512-9bosRfHhkXxKYfrw94EmyDQcdjMaQPkU1fH2tDxu8DWXxf1mjzWQAV4laJF51ZbC2ycYwNDvIm1rGez8Bug0vg==",
      "dev": true,
      "dependencies": {
        "moment": "^2.10.2"
      }
    },
    "node_modules/chart.js": {
      "version": "3.7.1",
      "resolved": "https://registry.npmjs.org/chart.js/-/chart.js-3.7.1.tgz",
      "integrity": "sha512-8knRegQLFnPQAheZV8MjxIXc5gQEfDFD897BJgv/klO/vtIyFFmgMXrNfgrXpbTr/XbTturxRgxIXx/Y+ASJBA==",
      "dev": true
    },
    "node_modules/color-name": {
      "version": "1.1.4",
      "resolved": "https://registry.npmjs.org/color-name/-/color-name-1.1.4.tgz",
      "integrity": "sha512-dOy+3AuW3a2wNbZHIuMZpTcgjGuLU/uBL/ubcZF9OXbDo8ff4O8yVp5Bf0efS8uEoYo5q4Fx7dY9OgQGXgAsQA==",
      "dev": true
    },
    "node_modules/cssfontparser": {
      "version": "1.2.1",
      "resolved": "https://registry.npmjs.org/cssfontparser/-/cssfontparser-1.2.1.tgz",
      "integrity": "sha1-9AIvyPlwDGgCnVQghK+69CWj8+M=",
      "dev": true
    },
    "node_modules/fullcalendar-scheduler": {
      "version": "5.11.0",
      "resolved": "https://registry.npmjs.org/fullcalendar-scheduler/-/fullcalendar-scheduler-5.11.0.tgz",
      "integrity": "sha512-KN7W6QXfBEcYRkNz6nNPXSN4fcPt43EFW+V0HsvHR9oZlfyRqaLxrGMLb+t/0Q4lmP8liAzHZofGqtvaof/LmA=="
    },
    "node_modules/jest-canvas-mock": {
      "version": "2.4.0",
      "resolved": "https://registry.npmjs.org/jest-canvas-mock/-/jest-canvas-mock-2.4.0.tgz",
      "integrity": "sha512-mmMpZzpmLzn5vepIaHk5HoH3Ka4WykbSoLuG/EKoJd0x0ID/t+INo1l8ByfcUJuDM+RIsL4QDg/gDnBbrj2/IQ==",
      "dev": true,
      "dependencies": {
        "cssfontparser": "^1.2.1",
        "moo-color": "^1.0.2"
      }
    },
    "node_modules/moment": {
      "version": "2.29.3",
      "resolved": "https://registry.npmjs.org/moment/-/moment-2.29.3.tgz",
      "integrity": "sha512-c6YRvhEo//6T2Jz/vVtYzqBzwvPT95JBQ+smCytzf7c50oMZRsR/a4w88aD34I+/QVSfnoAnSBFPJHItlOMJVw==",
      "dev": true,
      "engines": {
        "node": "*"
      }
    },
    "node_modules/moo-color": {
      "version": "1.0.3",
      "resolved": "https://registry.npmjs.org/moo-color/-/moo-color-1.0.3.tgz",
      "integrity": "sha512-i/+ZKXMDf6aqYtBhuOcej71YSlbjT3wCO/4H1j8rPvxDJEifdwgg5MaFyu6iYAT8GBZJg2z0dkgK4YMzvURALQ==",
      "dev": true,
      "dependencies": {
        "color-name": "^1.1.4"
      }
    },
    "node_modules/resize-observer-polyfill": {
      "version": "1.5.1",
      "resolved": "https://registry.npmjs.org/resize-observer-polyfill/-/resize-observer-polyfill-1.5.1.tgz",
      "integrity": "sha512-LwZrotdHOo12nQuZlHEmtuXdqGoOD0OhaxopaNFxWzInpEgaLWoVuAMbTzixuosCx2nEG58ngzW3vxdWoxIgdg==",
      "dev": true
    },
    "vendor/symfony/ux-chartjs/Resources/assets": {
      "version": "1.1.0",
      "dev": true,
      "license": "MIT",
      "devDependencies": {
        "@hotwired/stimulus": "^3.0.0",
        "@types/chart.js": "^2.9.34",
        "chart.js": "^3.4.1",
        "jest-canvas-mock": "^2.3.0",
        "resize-observer-polyfill": "^1.5.1"
      },
      "peerDependencies": {
        "@hotwired/stimulus": "^3.0.0",
        "chart.js": "^3.4.1"
      }
    }
  },
  "dependencies": {
    "@hotwired/stimulus": {
      "version": "3.0.1",
      "resolved": "https://registry.npmjs.org/@hotwired/stimulus/-/stimulus-3.0.1.tgz",
      "integrity": "sha512-oHsJhgY2cip+K2ED7vKUNd2P+BEswVhrCYcJ802DSsblJFv7mPFVk3cQKvm2vHgHeDVdnj7oOKrBbzp1u8D+KA==",
      "dev": true
    },
    "@symfony/ux-chartjs": {
      "version": "file:vendor/symfony/ux-chartjs/Resources/assets",
      "requires": {
        "@hotwired/stimulus": "^3.0.0",
        "@types/chart.js": "^2.9.34",
        "chart.js": "^3.4.1",
        "jest-canvas-mock": "^2.3.0",
        "resize-observer-polyfill": "^1.5.1"
      }
    },
    "@types/chart.js": {
      "version": "2.9.37",
      "resolved": "https://registry.npmjs.org/@types/chart.js/-/chart.js-2.9.37.tgz",
      "integrity": "sha512-9bosRfHhkXxKYfrw94EmyDQcdjMaQPkU1fH2tDxu8DWXxf1mjzWQAV4laJF51ZbC2ycYwNDvIm1rGez8Bug0vg==",
      "dev": true,
      "requires": {
        "moment": "^2.10.2"
      }
    },
    "chart.js": {
      "version": "3.7.1",
      "resolved": "https://registry.npmjs.org/chart.js/-/chart.js-3.7.1.tgz",
      "integrity": "sha512-8knRegQLFnPQAheZV8MjxIXc5gQEfDFD897BJgv/klO/vtIyFFmgMXrNfgrXpbTr/XbTturxRgxIXx/Y+ASJBA==",
      "dev": true
    },
    "color-name": {
      "version": "1.1.4",
      "resolved": "https://registry.npmjs.org/color-name/-/color-name-1.1.4.tgz",
      "integrity": "sha512-dOy+3AuW3a2wNbZHIuMZpTcgjGuLU/uBL/ubcZF9OXbDo8ff4O8yVp5Bf0efS8uEoYo5q4Fx7dY9OgQGXgAsQA==",
      "dev": true
    },
    "cssfontparser": {
      "version": "1.2.1",
      "resolved": "https://registry.npmjs.org/cssfontparser/-/cssfontparser-1.2.1.tgz",
      "integrity": "sha1-9AIvyPlwDGgCnVQghK+69CWj8+M=",
      "dev": true
    },
    "fullcalendar-scheduler": {
      "version": "5.11.0",
      "resolved": "https://registry.npmjs.org/fullcalendar-scheduler/-/fullcalendar-scheduler-5.11.0.tgz",
      "integrity": "sha512-KN7W6QXfBEcYRkNz6nNPXSN4fcPt43EFW+V0HsvHR9oZlfyRqaLxrGMLb+t/0Q4lmP8liAzHZofGqtvaof/LmA=="
    },
    "jest-canvas-mock": {
      "version": "2.4.0",
      "resolved": "https://registry.npmjs.org/jest-canvas-mock/-/jest-canvas-mock-2.4.0.tgz",
      "integrity": "sha512-mmMpZzpmLzn5vepIaHk5HoH3Ka4WykbSoLuG/EKoJd0x0ID/t+INo1l8ByfcUJuDM+RIsL4QDg/gDnBbrj2/IQ==",
      "dev": true,
      "requires": {
        "cssfontparser": "^1.2.1",
        "moo-color": "^1.0.2"
      }
    },
    "moment": {
      "version": "2.29.3",
      "resolved": "https://registry.npmjs.org/moment/-/moment-2.29.3.tgz",
      "integrity": "sha512-c6YRvhEo//6T2Jz/vVtYzqBzwvPT95JBQ+smCytzf7c50oMZRsR/a4w88aD34I+/QVSfnoAnSBFPJHItlOMJVw==",
      "dev": true
    },
    "moo-color": {
      "version": "1.0.3",
      "resolved": "https://registry.npmjs.org/moo-color/-/moo-color-1.0.3.tgz",
      "integrity": "sha512-i/+ZKXMDf6aqYtBhuOcej71YSlbjT3wCO/4H1j8rPvxDJEifdwgg5MaFyu6iYAT8GBZJg2z0dkgK4YMzvURALQ==",
      "dev": true,
      "requires": {
        "color-name": "^1.1.4"
      }
    },
    "resize-observer-polyfill": {
      "version": "1.5.1",
      "resolved": "https://registry.npmjs.org/resize-observer-polyfill/-/resize-observer-polyfill-1.5.1.tgz",
      "integrity": "sha512-LwZrotdHOo12nQuZlHEmtuXdqGoOD0OhaxopaNFxWzInpEgaLWoVuAMbTzixuosCx2nEG58ngzW3vxdWoxIgdg==",
      "dev": true
    }
  }
}
